
Microsoft Visual Studio Solution File, Format Version 12.00
# Visual Studio Version 17
VisualStudioVersion = 17.0.32126.317
MinimumVisualStudioVersion = 10.0.40219.1
Project("{FAE04EC0-301F-11D3-BF4B-00C04F79EFBC}") = "FFXI DAT PARSER", "FFXI DAT PARSER.csproj", "{EDF753C0-F0E7-4CFD-B296-F3D8CF95176F}"
EndProject
Global
	GlobalSection(SolutionConfigurationPlatforms) = preSolution
		Debug|Any CPU = Debug|Any CPU
		Release|Any CPU = Release|Any CPU
	EndGlobalSection
	GlobalSection(ProjectConfigurationPlatforms) = postSolution
		{EDF753C0-F0E7-4CFD-B296-F3D8CF95176F}.Debug|Any CPU.ActiveCfg = Debug|Any CPU
		{EDF753C0-F0E7-4CFD-B296-F3D8CF95176F}.Debug|Any CPU.Build.0 = Debug|Any CPU
		{EDF753C0-F0E7-4CFD-B296-F3D8CF95176F}.Release|Any CPU.ActiveCfg = Release|Any CPU
		{EDF753C0-F0E7-4CFD-B296-F3D8CF95176F}.Release|Any CPU.Build.0 = Release|Any CPU
	EndGlobalSection
	GlobalSection(SolutionProperties) = preSolution
		HideSolutionNode = FALSE
	EndGlobalSection
	GlobalSection(ExtensibilityGlobals) = postSolution
		SolutionGuid = {663AE2E2-A788-4571-85EE-5CFA875293C7}
	EndGlobalSection
EndGlobal
